// !$*UTF8*$!
{
	archiveVersion = 1;
	classes = {
	};
	objectVersion = 46;
	objects = {

/* Begin PBXBuildFile section */
		F9EAE6601D96635200369D36 /* AppDelegate.swift in Sources */ = {isa = PBXBuildFile; fileRef = F9EAE65F1D96635200369D36 /* AppDelegate.swift */; };
		F9EAE6621D96635200369D36 /* ViewController.swift in Sources */ = {isa = PBXBuildFile; fileRef = F9EAE6611D96635200369D36 /* ViewController.swift */; };
		F9EAE6651D96635200369D36 /* Main.storyboard in Resources */ = {isa = PBXBuildFile; fileRef = F9EAE6631D96635200369D36 /* Main.storyboard */; };
		F9EAE6681D96635200369D36 /* TicketBuddy.xcdatamodeld in Sources */ = {isa = PBXBuildFile; fileRef = F9EAE6661D96635200369D36 /* TicketBuddy.xcdatamodeld */; };
		F9EAE66A1D96635200369D36 /* Assets.xcassets in Resources */ = {isa = PBXBuildFile; fileRef = F9EAE6691D96635200369D36 /* Assets.xcassets */; };
		F9EAE66D1D96635200369D36 /* LaunchScreen.storyboard in Resources */ = {isa = PBXBuildFile; fileRef = F9EAE66B1D96635200369D36 /* LaunchScreen.storyboard */; };
		F9EAE6781D96635200369D36 /* TicketBuddyTests.swift in Sources */ = {isa = PBXBuildFile; fileRef = F9EAE6771D96635200369D36 /* TicketBuddyTests.swift */; };
/* End PBXBuildFile section */

/* Begin PBXContainerItemProxy section */
		F9EAE6741D96635200369D36 /* PBXContainerItemProxy */ = {
			isa = PBXContainerItemProxy;
			containerPortal = F9EAE6541D96635100369D36 /* Project object */;
			proxyType = 1;
			remoteGlobalIDString = F9EAE65B1D96635100369D36;
			remoteInfo = TicketBuddy;
		};
/* End PBXContainerItemProxy section */

/* Begin PBXFileReference section */
		F9EAE65C1D96635200369D36 /* TicketBuddy.app */ = {isa = PBXFileReference; explicitFileType = wrapper.application; includeInIndex = 0; path = TicketBuddy.app; sourceTree = BUILT_PRODUCTS_DIR; };
		F9EAE65F1D96635200369D36 /* AppDelegate.swift */ = {isa = PBXFileReference; lastKnownFileType = sourcecode.swift; path = AppDelegate.swift; sourceTree = "<group>"; };
		F9EAE6611D96635200369D36 /* ViewController.swift */ = {isa = PBXFileReference; lastKnownFileType = sourcecode.swift; path = ViewController.swift; sourceTree = "<group>"; };
		F9EAE6641D96635200369D36 /* Base */ = {isa = PBXFileReference; lastKnownFileType = file.storyboard; name = Base; path = Base.lproj/Main.storyboard; sourceTree = "<group>"; };
		F9EAE6671D96635200369D36 /* TicketBuddy.xcdatamodel */ = {isa = PBXFileReference; lastKnownFileType = wrapper.xcdatamodel; path = TicketBuddy.xcdatamodel; sourceTree = "<group>"; };
		F9EAE6691D96635200369D36 /* Assets.xcassets */ = {isa = PBXFileReference; lastKnownFileType = folder.assetcatalog; path = Assets.xcassets; sourceTree = "<group>"; };
		F9EAE66C1D96635200369D36 /* Base */ = {isa = PBXFileReference; lastKnownFileType = file.storyboard; name = Base; path = Base.lproj/LaunchScreen.storyboard; sourceTree = "<group>"; };
		F9EAE66E1D96635200369D36 /* Info.plist */ = {isa = PBXFileReference; lastKnownFileType = text.plist.xml; path = Info.plist; sourceTree = "<group>"; };
		F9EAE6731D96635200369D36 /* TicketBuddyTests.xctest */ = {isa = PBXFileReference; explicitFileType = wrapper.cfbundle; includeInIndex = 0; path = TicketBuddyTests.xctest; sourceTree = BUILT_PRODUCTS_DIR; };
		F9EAE6771D96635200369D36 /* TicketBuddyTests.swift */ = {isa = PBXFileReference; lastKnownFileType = sourcecode.swift; path = TicketBuddyTests.swift; sourceTree = "<group>"; };
		F9EAE6791D96635200369D36 /* Info.plist */ = {isa = PBXFileReference; lastKnownFileType = text.plist.xml; path = Info.plist; sourceTree = "<group>"; };
/* End PBXFileReference section */

/* Begin PBXFrameworksBuildPhase section */
		F9EAE6591D96635100369D36 /* Frameworks */ = {
			isa = PBXFrameworksBuildPhase;
			buildActionMask = 2147483647;
			files = (
			);
			runOnlyForDeploymentPostprocessing = 0;
		};
		F9EAE6701D96635200369D36 /* Frameworks */ = {
			isa = PBXFrameworksBuildPhase;
			buildActionMask = 2147483647;
			files = (
			);
			runOnlyForDeploymentPostprocessing = 0;
		};
/* End PBXFrameworksBuildPhase section */

/* Begin PBXGroup section */
		F9EAE6531D96635100369D36 = {
			isa = PBXGroup;
			children = (
				F9EAE65E1D96635200369D36 /* TicketBuddy */,
				F9EAE6761D96635200369D36 /* TicketBuddyTests */,
				F9EAE65D1D96635200369D36 /* Products */,
			);
			sourceTree = "<group>";
		};
		F9EAE65D1D96635200369D36 /* Products */ = {
			isa = PBXGroup;
			children = (
				F9EAE65C1D96635200369D36 /* TicketBuddy.app */,
				F9EAE6731D96635200369D36 /* TicketBuddyTests.xctest */,
			);
			name = Products;
			sourceTree = "<group>";
		};
		F9EAE65E1D96635200369D36 /* TicketBuddy */ = {
			isa = PBXGroup;
			children = (
				F9EAE65F1D96635200369D36 /* AppDelegate.swift */,
				F9EAE6611D96635200369D36 /* ViewController.swift */,
				F9EAE6631D96635200369D36 /* Main.storyboard */,
				F9EAE6691D96635200369D36 /* Assets.xcassets */,
				F9EAE66B1D96635200369D36 /* LaunchScreen.storyboard */,
				F9EAE66E1D96635200369D36 /* Info.plist */,
				F9EAE6661D96635200369D36 /* TicketBuddy.xcdatamodeld */,
			);
			path = TicketBuddy;
			sourceTree = "<group>";
		};
		F9EAE6761D96635200369D36 /* TicketBuddyTests */ = {
			isa = PBXGroup;
			children = (
				F9EAE6771D96635200369D36 /* TicketBuddyTests.swift */,
				F9EAE6791D96635200369D36 /* Info.plist */,
			);
			path = TicketBuddyTests;
			sourceTree = "<group>";
		};
/* End PBXGroup section */

/* Begin PBXNativeTarget section */
		F9EAE65B1D96635100369D36 /* TicketBuddy */ = {
			isa = PBXNativeTarget;
			buildConfigurationList = F9EAE67C1D96635200369D36 /* Build configuration list for PBXNativeTarget "TicketBuddy" */;
			buildPhases = (
				F9EAE6581D96635100369D36 /* Sources */,
				F9EAE6591D96635100369D36 /* Frameworks */,
				F9EAE65A1D96635100369D36 /* Resources */,
			);
			buildRules = (
			);
			dependencies = (
			);
			name = TicketBuddy;
			productName = TicketBuddy;
			productReference = F9EAE65C1D96635200369D36 /* TicketBuddy.app */;
			productType = "com.apple.product-type.application";
		};
		F9EAE6721D96635200369D36 /* TicketBuddyTests */ = {
			isa = PBXNativeTarget;
			buildConfigurationList = F9EAE67F1D96635200369D36 /* Build configuration list for PBXNativeTarget "TicketBuddyTests" */;
			buildPhases = (
				F9EAE66F1D96635200369D36 /* Sources */,
				F9EAE6701D96635200369D36 /* Frameworks */,
				F9EAE6711D96635200369D36 /* Resources */,
			);
			buildRules = (
			);
			dependencies = (
				F9EAE6751D96635200369D36 /* PBXTargetDependency */,
			);
			name = TicketBuddyTests;
			productName = TicketBuddyTests;
			productReference = F9EAE6731D96635200369D36 /* TicketBuddyTests.xctest */;
			productType = "com.apple.product-type.bundle.unit-test";
		};
/* End PBXNativeTarget section */

/* Begin PBXProject section */
		F9EAE6541D96635100369D36 /* Project object */ = {
			isa = PBXProject;
			attributes = {
				LastSwiftUpdateCheck = 0800;
				LastUpgradeCheck = 0800;
				ORGANIZATIONNAME = "Yu-Lin Yang";
				TargetAttributes = {
					F9EAE65B1D96635100369D36 = {
						CreatedOnToolsVersion = 8.0;
						ProvisioningStyle = Automatic;
					};
					F9EAE6721D96635200369D36 = {
						CreatedOnToolsVersion = 8.0;
						ProvisioningStyle = Automatic;
						TestTargetID = F9EAE65B1D96635100369D36;
					};
				};
			};
			buildConfigurationList = F9EAE6571D96635100369D36 /* Build configuration list for PBXProject "TicketBuddy" */;
			compatibilityVersion = "Xcode 3.2";
			developmentRegion = English;
			hasScannedForEncodings = 0;
			knownRegions = (
				en,
				Base,
			);
			mainGroup = F9EAE6531D96635100369D36;
			productRefGroup = F9EAE65D1D96635200369D36 /* Products */;
			projectDirPath = "";
			projectRoot = "";
			targets = (
				F9EAE65B1D96635100369D36 /* TicketBuddy */,
				F9EAE6721D96635200369D36 /* TicketBuddyTests */,
			);
		};
/* End PBXProject section */

/* Begin PBXResourcesBuildPhase section */
		F9EAE65A1D96635100369D36 /* Resources */ = {
			isa = PBXResourcesBuildPhase;
			buildActionMask = 2147483647;
			files = (
				F9EAE66D1D96635200369D36 /* LaunchScreen.storyboard in Resources */,
				F9EAE66A1D96635200369D36 /* Assets.xcassets in Resources */,
				F9EAE6651D96635200369D36 /* Main.storyboard in Resources */,
			);
			runOnlyForDeploymentPostprocessing = 0;
		};
		F9EAE6711D96635200369D36 /* Resources */ = {
			isa = PBXResourcesBuildPhase;
			buildActionMask = 2147483647;
			files = (
			);
			runOnlyForDeploymentPostprocessing = 0;
		};
/* End PBXResourcesBuildPhase section */

/* Begin PBXSourcesBuildPhase section */
		F9EAE6581D96635100369D36 /* Sources */ = {
			isa = PBXSourcesBuildPhase;
			buildActionMask = 2147483647;
			files = (
				F9EAE6681D96635200369D36 /* TicketBuddy.xcdatamodeld in Sources */,
				F9EAE6621D96635200369D36 /* ViewController.swift in Sources */,
				F9EAE6601D96635200369D36 /* AppDelegate.swift in Sources */,
			);
			runOnlyForDeploymentPostprocessing = 0;
		};
		F9EAE66F1D96635200369D36 /* Sources */ = {
			isa = PBXSourcesBuildPhase;
			buildActionMask = 2147483647;
			files = (
				F9EAE6781D96635200369D36 /* TicketBuddyTests.swift in Sources */,
			);
			runOnlyForDeploymentPostprocessing = 0;
		};
/* End PBXSourcesBuildPhase section */

/* Begin PBXTargetDependency section */
		F9EAE6751D96635200369D36 /* PBXTargetDependency */ = {
			isa = PBXTargetDependency;
			target = F9EAE65B1D96635100369D36 /* TicketBuddy */;
			targetProxy = F9EAE6741D96635200369D36 /* PBXContainerItemProxy */;
		};
/* End PBXTargetDependency section */

/* Begin PBXVariantGroup section */
		F9EAE6631D96635200369D36 /* Main.storyboard */ = {
			isa = PBXVariantGroup;
			children = (
				F9EAE6641D96635200369D36 /* Base */,
			);
			name = Main.storyboard;
			sourceTree = "<group>";
		};
		F9EAE66B1D96635200369D36 /* LaunchScreen.storyboard */ = {
			isa = PBXVariantGroup;
			children = (
				F9EAE66C1D96635200369D36 /* Base */,
			);
			name = LaunchScreen.storyboard;
			sourceTree = "<group>";
		};
/* End PBXVariantGroup section */

/* Begin XCBuildConfiguration section */
		F9EAE67A1D96635200369D36 /* Debug */ = {
			isa = XCBuildConfiguration;
			buildSettings = {
				ALWAYS_SEARCH_USER_PATHS = NO;
				CLANG_ANALYZER_NONNULL = YES;
				CLANG_CXX_LANGUAGE_STANDARD = "gnu++0x";
				CLANG_CXX_LIBRARY = "libc++";
				CLANG_ENABLE_MODULES = YES;
				CLANG_ENABLE_OBJC_ARC = YES;
				CLANG_WARN_BOOL_CONVERSION = YES;
				CLANG_WARN_CONSTANT_CONVERSION = YES;
				CLANG_WARN_DIRECT_OBJC_ISA_USAGE = YES_ERROR;
				CLANG_WARN_DOCUMENTATION_COMMENTS = YES;
				CLANG_WARN_EMPTY_BODY = YES;
				CLANG_WARN_ENUM_CONVERSION = YES;
				CLANG_WARN_INFINITE_RECURSION = YES;
				CLANG_WARN_INT_CONVERSION = YES;
				CLANG_WARN_OBJC_ROOT_CLASS = YES_ERROR;
				CLANG_WARN_SUSPICIOUS_MOVES = YES;
				CLANG_WARN_UNREACHABLE_CODE = YES;
				CLANG_WARN__DUPLICATE_METHOD_MATCH = YES;
				"CODE_SIGN_IDENTITY[sdk=iphoneos*]" = "iPhone Developer";
				COPY_PHASE_STRIP = NO;
				DEBUG_INFORMATION_FORMAT = dwarf;
				ENABLE_STRICT_OBJC_MSGSEND = YES;
				ENABLE_TESTABILITY = YES;
				GCC_C_LANGUAGE_STANDARD = gnu99;
				GCC_DYNAMIC_NO_PIC = NO;
				GCC_NO_COMMON_BLOCKS = YES;
				GCC_OPTIMIZATION_LEVEL = 0;
				GCC_PREPROCESSOR_DEFINITIONS = (
					"DEBUG=1",
					"$(inherited)",
				);
				GCC_WARN_64_TO_32_BIT_CONVERSION = YES;
				GCC_WARN_ABOUT_RETURN_TYPE = YES_ERROR;
				GCC_WARN_UNDECLARED_SELECTOR = YES;
				GCC_WARN_UNINITIALIZED_AUTOS = YES_AGGRESSIVE;
				GCC_WARN_UNUSED_FUNCTION = YES;
				GCC_WARN_UNUSED_VARIABLE = YES;
				IPHONEOS_DEPLOYMENT_TARGET = 10.0;
				MTL_ENABLE_DEBUG_INFO = YES;
				ONLY_ACTIVE_ARCH = YES;
				SDKROOT = iphoneos;
				SWIFT_ACTIVE_COMPILATION_CONDITIONS = DEBUG;
				SWIFT_OPTIMIZATION_LEVEL = "-Onone";
				TARGETED_DEVICE_FAMILY = "1,2";
			};
			name = Debug;
		};
		F9EAE67B1D96635200369D36 /* Release */ = {
			isa = XCBuildConfiguration;
			buildSettings = {
				ALWAYS_SEARCH_USER_PATHS = NO;
				CLANG_ANALYZER_NONNULL = YES;
				CLANG_CXX_LANGUAGE_STANDARD = "gnu++0x";
				CLANG_CXX_LIBRARY = "libc++";
				CLANG_ENABLE_MODULES = YES;
				CLANG_ENABLE_OBJC_ARC = YES;
				CLANG_WARN_BOOL_CONVERSION = YES;
				CLANG_WARN_CONSTANT_CONVERSION = YES;
				CLANG_WARN_DIRECT_OBJC_ISA_USAGE = YES_ERROR;
				CLANG_WARN_DOCUMENTATION_COMMENTS = YES;
				CLANG_WARN_EMPTY_BODY = YES;
				CLANG_WARN_ENUM_CONVERSION = YES;
				CLANG_WARN_INFINITE_RECURSION = YES;
				CLANG_WARN_INT_CONVERSION = YES;
				CLANG_WARN_OBJC_ROOT_CLASS = YES_ERROR;
				CLANG_WARN_SUSPICIOUS_MOVES = YES;
				CLANG_WARN_UNREACHABLE_CODE = YES;
				CLANG_WARN__DUPLICATE_METHOD_MATCH = YES;
				"CODE_SIGN_IDENTITY[sdk=iphoneos*]" = "iPhone Developer";
				COPY_PHASE_STRIP = NO;
				DEBUG_INFORMATION_FORMAT = "dwarf-with-dsym";
				ENABLE_NS_ASSERTIONS = NO;
				ENABLE_STRICT_OBJC_MSGSEND = YES;
				GCC_C_LANGUAGE_STANDARD = gnu99;
				GCC_NO_COMMON_BLOCKS = YES;
				GCC_WARN_64_TO_32_BIT_CONVERSION = YES;
				GCC_WARN_ABOUT_RETURN_TYPE = YES_ERROR;
				GCC_WARN_UNDECLARED_SELECTOR = YES;
				GCC_WARN_UNINITIALIZED_AUTOS = YES_AGGRESSIVE;
				GCC_WARN_UNUSED_FUNCTION = YES;
				GCC_WARN_UNUSED_VARIABLE = YES;
				IPHONEOS_DEPLOYMENT_TARGET = 10.0;
				MTL_ENABLE_DEBUG_INFO = NO;
				SDKROOT = iphoneos;
				SWIFT_OPTIMIZATION_LEVEL = "-Owholemodule";
				TARGETED_DEVICE_FAMILY = "1,2";
				VALIDATE_PRODUCT = YES;
			};
			name = Release;
		};
		F9EAE67D1D96635200369D36 /* Debug */ = {
			isa = XCBuildConfiguration;
			buildSettings = {
				ASSETCATALOG_COMPILER_APPICON_NAME = AppIcon;
				INFOPLIST_FILE = TicketBuddy/Info.plist;
				LD_RUNPATH_SEARCH_PATHS = "$(inherited) @executable_path/Frameworks";
				PRODUCT_BUNDLE_IDENTIFIER = HackGT.TicketBuddy;
				PRODUCT_NAME = "$(TARGET_NAME)";
				SWIFT_VERSION = 3.0;
			};
			name = Debug;
		};
		F9EAE67E1D96635200369D36 /* Release */ = {
			isa = XCBuildConfiguration;
			buildSettings = {
				ASSETCATALOG_COMPILER_APPICON_NAME = AppIcon;
				INFOPLIST_FILE = TicketBuddy/Info.plist;
				LD_RUNPATH_SEARCH_PATHS = "$(inherited) @executable_path/Frameworks";
				PRODUCT_BUNDLE_IDENTIFIER = HackGT.TicketBuddy;
				PRODUCT_NAME = "$(TARGET_NAME)";
				SWIFT_VERSION = 3.0;
			};
			name = Release;
		};
		F9EAE6801D96635200369D36 /* Debug */ = {
			isa = XCBuildConfiguration;
			buildSettings = {
				ALWAYS_EMBED_SWIFT_STANDARD_LIBRARIES = YES;
				BUNDLE_LOADER = "$(TEST_HOST)";
				INFOPLIST_FILE = TicketBuddyTests/Info.plist;
				LD_RUNPATH_SEARCH_PATHS = "$(inherited) @executable_path/Frameworks @loader_path/Frameworks";
				PRODUCT_BUNDLE_IDENTIFIER = HackGT.TicketBuddyTests;
				PRODUCT_NAME = "$(TARGET_NAME)";
				SWIFT_VERSION = 3.0;
				TEST_HOST = "$(BUILT_PRODUCTS_DIR)/TicketBuddy.app/TicketBuddy";
			};
			name = Debug;
		};
		F9EAE6811D96635200369D36 /* Release */ = {
			isa = XCBuildConfiguration;
			buildSettings = {
				ALWAYS_EMBED_SWIFT_STANDARD_LIBRARIES = YES;
				BUNDLE_LOADER = "$(TEST_HOST)";
				INFOPLIST_FILE = TicketBuddyTests/Info.plist;
				LD_RUNPATH_SEARCH_PATHS = "$(inherited) @executable_path/Frameworks @loader_path/Frameworks";
				PRODUCT_BUNDLE_IDENTIFIER = HackGT.TicketBuddyTests;
				PRODUCT_NAME = "$(TARGET_NAME)";
				SWIFT_VERSION = 3.0;
				TEST_HOST = "$(BUILT_PRODUCTS_DIR)/TicketBuddy.app/TicketBuddy";
			};
			name = Release;
		};
/* End XCBuildConfiguration section */

/* Begin XCConfigurationList section */
		F9EAE6571D96635100369D36 /* Build configuration list for PBXProject "TicketBuddy" */ = {
			isa = XCConfigurationList;
			buildConfigurations = (
				F9EAE67A1D96635200369D36 /* Debug */,
				F9EAE67B1D96635200369D36 /* Release */,
			);
			defaultConfigurationIsVisible = 0;
			defaultConfigurationName = Release;
		};
		F9EAE67C1D96635200369D36 /* Build configuration list for PBXNativeTarget "TicketBuddy" */ = {
			isa = XCConfigurationList;
			buildConfigurations = (
				F9EAE67D1D96635200369D36 /* Debug */,
				F9EAE67E1D96635200369D36 /* Release */,
			);
			defaultConfigurationIsVisible = 0;
		};
		F9EAE67F1D96635200369D36 /* Build configuration list for PBXNativeTarget "TicketBuddyTests" */ = {
			isa = XCConfigurationList;
			buildConfigurations = (
				F9EAE6801D96635200369D36 /* Debug */,
				F9EAE6811D96635200369D36 /* Release */,
			);
			defaultConfigurationIsVisible = 0;
		};
/* End XCConfigurationList section */

/* Begin XCVersionGroup section */
		F9EAE6661D96635200369D36 /* TicketBuddy.xcdatamodeld */ = {
			isa = XCVersionGroup;
			children = (
				F9EAE6671D96635200369D36 /* TicketBuddy.xcdatamodel */,
			);
			currentVersion = F9EAE6671D96635200369D36 /* TicketBuddy.xcdatamodel */;
			path = TicketBuddy.xcdatamodeld;
			sourceTree = "<group>";
			versionGroupType = wrapper.xcdatamodel;
		};
/* End XCVersionGroup section */
	};
	rootObject = F9EAE6541D96635100369D36 /* Project object */;
}
